
Microsoft Visual Studio Solution File, Format Version 12.00
# Visual Studio Version 17
VisualStudioVersion = 17.3.32811.315
MinimumVisualStudioVersion = 10.0.40219.1
Project("{9A19103F-16F7-4668-BE54-9A1E7A4F7556}") = "EventCatalog.WebService", "EventCatalog.WebService\EventCatalog.WebService.csproj", "{80A13F8F-F662-4A2A-9082-DAD66769076A}"
EndProject
Project("{9A19103F-16F7-4668-BE54-9A1E7A4F7556}") = "EventCatalog.Domain", "EventCatalog.Domain\EventCatalog.Domain.csproj", "{1899E15C-FE26-4424-B6FE-479BAE8AB0E4}"
EndProject
Project("{9A19103F-16F7-4668-BE54-9A1E7A4F7556}") = "EventCatalog.Service", "EventCatalog.Service\EventCatalog.Service.csproj", "{2856E195-326B-4ED5-9D22-E6D97432FEDE}"
EndProject
Project("{9A19103F-16F7-4668-BE54-9A1E7A4F7556}") = "EventCatalog.DataAccess", "EventCatalog.DataAccess\EventCatalog.DataAccess.csproj", "{97C2C91E-28DC-482C-947F-75CA75FB57E7}"
EndProject
Project("{9A19103F-16F7-4668-BE54-9A1E7A4F7556}") = "EventCatalog.WebClient", "EventCatalog.WebClient\EventCatalog.WebClient.csproj", "{3B4CFDF5-A16F-4B8A-ABFA-701AE998550D}"
EndProject
Project("{54A90642-561A-4BB1-A94E-469ADEE60C69}") = "EventCatalogUI", "EventCatalogUI\EventCatalogUI.esproj", "{BA67BBD9-D01F-48F6-BAF9-4712514AFECB}"
EndProject
Project("{9A19103F-16F7-4668-BE54-9A1E7A4F7556}") = "EventCatalog.API", "EventCatalog.API\EventCatalog.API.csproj", "{7DB57E71-F783-4267-ABEC-5D64683AAE51}"
EndProject
Global
	GlobalSection(SolutionConfigurationPlatforms) = preSolution
		Debug|Any CPU = Debug|Any CPU
		Release|Any CPU = Release|Any CPU
	EndGlobalSection
	GlobalSection(ProjectConfigurationPlatforms) = postSolution
		{80A13F8F-F662-4A2A-9082-DAD66769076A}.Debug|Any CPU.ActiveCfg = Debug|Any CPU
		{80A13F8F-F662-4A2A-9082-DAD66769076A}.Debug|Any CPU.Build.0 = Debug|Any CPU
		{80A13F8F-F662-4A2A-9082-DAD66769076A}.Release|Any CPU.ActiveCfg = Release|Any CPU
		{80A13F8F-F662-4A2A-9082-DAD66769076A}.Release|Any CPU.Build.0 = Release|Any CPU
		{1899E15C-FE26-4424-B6FE-479BAE8AB0E4}.Debug|Any CPU.ActiveCfg = Debug|Any CPU
		{1899E15C-FE26-4424-B6FE-479BAE8AB0E4}.Debug|Any CPU.Build.0 = Debug|Any CPU
		{1899E15C-FE26-4424-B6FE-479BAE8AB0E4}.Release|Any CPU.ActiveCfg = Release|Any CPU
		{1899E15C-FE26-4424-B6FE-479BAE8AB0E4}.Release|Any CPU.Build.0 = Release|Any CPU
		{2856E195-326B-4ED5-9D22-E6D97432FEDE}.Debug|Any CPU.ActiveCfg = Debug|Any CPU
		{2856E195-326B-4ED5-9D22-E6D97432FEDE}.Debug|Any CPU.Build.0 = Debug|Any CPU
		{2856E195-326B-4ED5-9D22-E6D97432FEDE}.Release|Any CPU.ActiveCfg = Release|Any CPU
		{2856E195-326B-4ED5-9D22-E6D97432FEDE}.Release|Any CPU.Build.0 = Release|Any CPU
		{97C2C91E-28DC-482C-947F-75CA75FB57E7}.Debug|Any CPU.ActiveCfg = Debug|Any CPU
		{97C2C91E-28DC-482C-947F-75CA75FB57E7}.Debug|Any CPU.Build.0 = Debug|Any CPU
		{97C2C91E-28DC-482C-947F-75CA75FB57E7}.Release|Any CPU.ActiveCfg = Release|Any CPU
		{97C2C91E-28DC-482C-947F-75CA75FB57E7}.Release|Any CPU.Build.0 = Release|Any CPU
		{3B4CFDF5-A16F-4B8A-ABFA-701AE998550D}.Debug|Any CPU.ActiveCfg = Debug|Any CPU
		{3B4CFDF5-A16F-4B8A-ABFA-701AE998550D}.Debug|Any CPU.Build.0 = Debug|Any CPU
		{3B4CFDF5-A16F-4B8A-ABFA-701AE998550D}.Release|Any CPU.ActiveCfg = Release|Any CPU
		{3B4CFDF5-A16F-4B8A-ABFA-701AE998550D}.Release|Any CPU.Build.0 = Release|Any CPU
		{BA67BBD9-D01F-48F6-BAF9-4712514AFECB}.Debug|Any CPU.ActiveCfg = Debug|Any CPU
		{BA67BBD9-D01F-48F6-BAF9-4712514AFECB}.Debug|Any CPU.Build.0 = Debug|Any CPU
		{BA67BBD9-D01F-48F6-BAF9-4712514AFECB}.Debug|Any CPU.Deploy.0 = Debug|Any CPU
		{BA67BBD9-D01F-48F6-BAF9-4712514AFECB}.Release|Any CPU.ActiveCfg = Release|Any CPU
		{BA67BBD9-D01F-48F6-BAF9-4712514AFECB}.Release|Any CPU.Build.0 = Release|Any CPU
		{BA67BBD9-D01F-48F6-BAF9-4712514AFECB}.Release|Any CPU.Deploy.0 = Release|Any CPU
		{7DB57E71-F783-4267-ABEC-5D64683AAE51}.Debug|Any CPU.ActiveCfg = Debug|Any CPU
		{7DB57E71-F783-4267-ABEC-5D64683AAE51}.Debug|Any CPU.Build.0 = Debug|Any CPU
		{7DB57E71-F783-4267-ABEC-5D64683AAE51}.Release|Any CPU.ActiveCfg = Release|Any CPU
		{7DB57E71-F783-4267-ABEC-5D64683AAE51}.Release|Any CPU.Build.0 = Release|Any CPU
	EndGlobalSection
	GlobalSection(SolutionProperties) = preSolution
		HideSolutionNode = FALSE
	EndGlobalSection
	GlobalSection(ExtensibilityGlobals) = postSolution
		SolutionGuid = {269CAD3D-3D54-42C8-9D08-F28D7D6823F5}
	EndGlobalSection
EndGlobal
